
Microsoft Visual Studio Solution File, Format Version 12.00
# Visual Studio Version 17
VisualStudioVersion = 17.6.33801.468
MinimumVisualStudioVersion = 10.0.40219.1
Project("{FAE04EC0-301F-11D3-BF4B-00C04F79EFBC}") = "NETFrameworkClassLib", "NETFrameworkClassLib.csproj", "{E21AB49C-D03B-4A44-A85C-DE93EF865EBF}"
EndProject
Global
	GlobalSection(SolutionConfigurationPlatforms) = preSolution
		Debug|Any CPU = Debug|Any CPU
		Debug|x86 = Debug|x86
		Release|Any CPU = Release|Any CPU
		Release|x86 = Release|x86
	EndGlobalSection
	GlobalSection(ProjectConfigurationPlatforms) = postSolution
		{E21AB49C-D03B-4A44-A85C-DE93EF865EBF}.Debug|Any CPU.ActiveCfg = Debug|Any CPU
		{E21AB49C-D03B-4A44-A85C-DE93EF865EBF}.Debug|Any CPU.Build.0 = Debug|Any CPU
		{E21AB49C-D03B-4A44-A85C-DE93EF865EBF}.Debug|x86.ActiveCfg = Debug|x86
		{E21AB49C-D03B-4A44-A85C-DE93EF865EBF}.Debug|x86.Build.0 = Debug|x86
		{E21AB49C-D03B-4A44-A85C-DE93EF865EBF}.Release|Any CPU.ActiveCfg = Release|Any CPU
		{E21AB49C-D03B-4A44-A85C-DE93EF865EBF}.Release|Any CPU.Build.0 = Release|Any CPU
		{E21AB49C-D03B-4A44-A85C-DE93EF865EBF}.Release|x86.ActiveCfg = Release|x86
		{E21AB49C-D03B-4A44-A85C-DE93EF865EBF}.Release|x86.Build.0 = Release|x86
	EndGlobalSection
	GlobalSection(SolutionProperties) = preSolution
		HideSolutionNode = FALSE
	EndGlobalSection
	GlobalSection(ExtensibilityGlobals) = postSolution
		SolutionGuid = {B42DD312-05D8-43A0-A5EF-9C847ED93667}
	EndGlobalSection
EndGlobal
